
Microsoft Visual Studio Solution File, Format Version 12.00
# Visual Studio 2013
VisualStudioVersion = 12.0.40629.0
MinimumVisualStudioVersion = 10.0.40219.1
Project("{FAE04EC0-301F-11D3-BF4B-00C04F79EFBC}") = "Web365", "Web365\Web365.csproj", "{50239255-FCC3-403F-84E6-16B0F40CE35C}"
EndProject
Project("{FAE04EC0-301F-11D3-BF4B-00C04F79EFBC}") = "Web365Business", "Web365Business\Web365Business.csproj", "{3F77DCF1-E9E7-443B-B17A-A4D4511ECDBA}"
EndProject
Project("{FAE04EC0-301F-11D3-BF4B-00C04F79EFBC}") = "Web365Domain", "Web365Domain\Web365Domain.csproj", "{C24BE151-FC63-4A94-B796-FD222BD8399E}"
EndProject
Project("{FAE04EC0-301F-11D3-BF4B-00C04F79EFBC}") = "Web365Utility", "Web365Utility\Web365Utility.csproj", "{C1C417C8-8C37-44DC-89A3-1552CF167F15}"
EndProject
Project("{FAE04EC0-301F-11D3-BF4B-00C04F79EFBC}") = "Web365Cached", "Web365Cached\Web365Cached.csproj", "{70E8B2C6-F5D5-4018-B9F2-BC1CDAFC7BFD}"
EndProject
Project("{FAE04EC0-301F-11D3-BF4B-00C04F79EFBC}") = "Web365Models", "Web365Models\Web365Models.csproj", "{396DBC4B-90A2-4DC5-AFF8-9BD9E10386C6}"
EndProject
Project("{FAE04EC0-301F-11D3-BF4B-00C04F79EFBC}") = "Web365Base", "Web365Base\Web365Base.csproj", "{FB4B7C6D-045E-40BE-9FAA-0015E3F53C37}"
EndProject
Project("{FAE04EC0-301F-11D3-BF4B-00C04F79EFBC}") = "Web365BaseReader", "Web365BaseReader\Web365BaseReader.csproj", "{B8FFFF2F-353B-4957-962E-97DA68F85CA7}"
EndProject
Global
	GlobalSection(SolutionConfigurationPlatforms) = preSolution
		Debug|Any CPU = Debug|Any CPU
		Debug|ARM = Debug|ARM
		Debug|x64 = Debug|x64
		Debug|x86 = Debug|x86
		Release|Any CPU = Release|Any CPU
		Release|ARM = Release|ARM
		Release|x64 = Release|x64
		Release|x86 = Release|x86
	EndGlobalSection
	GlobalSection(ProjectConfigurationPlatforms) = postSolution
		{50239255-FCC3-403F-84E6-16B0F40CE35C}.Debug|Any CPU.ActiveCfg = Debug|Any CPU
		{50239255-FCC3-403F-84E6-16B0F40CE35C}.Debug|Any CPU.Build.0 = Debug|Any CPU
		{50239255-FCC3-403F-84E6-16B0F40CE35C}.Debug|ARM.ActiveCfg = Debug|Any CPU
		{50239255-FCC3-403F-84E6-16B0F40CE35C}.Debug|x64.ActiveCfg = Debug|Any CPU
		{50239255-FCC3-403F-84E6-16B0F40CE35C}.Debug|x86.ActiveCfg = Debug|Any CPU
		{50239255-FCC3-403F-84E6-16B0F40CE35C}.Release|Any CPU.ActiveCfg = Release|Any CPU
		{50239255-FCC3-403F-84E6-16B0F40CE35C}.Release|Any CPU.Build.0 = Release|Any CPU
		{50239255-FCC3-403F-84E6-16B0F40CE35C}.Release|ARM.ActiveCfg = Release|Any CPU
		{50239255-FCC3-403F-84E6-16B0F40CE35C}.Release|x64.ActiveCfg = Release|Any CPU
		{50239255-FCC3-403F-84E6-16B0F40CE35C}.Release|x86.ActiveCfg = Release|Any CPU
		{3F77DCF1-E9E7-443B-B17A-A4D4511ECDBA}.Debug|Any CPU.ActiveCfg = Debug|Any CPU
		{3F77DCF1-E9E7-443B-B17A-A4D4511ECDBA}.Debug|Any CPU.Build.0 = Debug|Any CPU
		{3F77DCF1-E9E7-443B-B17A-A4D4511ECDBA}.Debug|ARM.ActiveCfg = Debug|Any CPU
		{3F77DCF1-E9E7-443B-B17A-A4D4511ECDBA}.Debug|x64.ActiveCfg = Debug|Any CPU
		{3F77DCF1-E9E7-443B-B17A-A4D4511ECDBA}.Debug|x86.ActiveCfg = Debug|Any CPU
		{3F77DCF1-E9E7-443B-B17A-A4D4511ECDBA}.Release|Any CPU.ActiveCfg = Release|Any CPU
		{3F77DCF1-E9E7-443B-B17A-A4D4511ECDBA}.Release|Any CPU.Build.0 = Release|Any CPU
		{3F77DCF1-E9E7-443B-B17A-A4D4511ECDBA}.Release|ARM.ActiveCfg = Release|Any CPU
		{3F77DCF1-E9E7-443B-B17A-A4D4511ECDBA}.Release|x64.ActiveCfg = Release|Any CPU
		{3F77DCF1-E9E7-443B-B17A-A4D4511ECDBA}.Release|x86.ActiveCfg = Release|Any CPU
		{C24BE151-FC63-4A94-B796-FD222BD8399E}.Debug|Any CPU.ActiveCfg = Debug|Any CPU
		{C24BE151-FC63-4A94-B796-FD222BD8399E}.Debug|Any CPU.Build.0 = Debug|Any CPU
		{C24BE151-FC63-4A94-B796-FD222BD8399E}.Debug|ARM.ActiveCfg = Debug|Any CPU
		{C24BE151-FC63-4A94-B796-FD222BD8399E}.Debug|x64.ActiveCfg = Debug|Any CPU
		{C24BE151-FC63-4A94-B796-FD222BD8399E}.Debug|x86.ActiveCfg = Debug|Any CPU
		{C24BE151-FC63-4A94-B796-FD222BD8399E}.Release|Any CPU.ActiveCfg = Release|Any CPU
		{C24BE151-FC63-4A94-B796-FD222BD8399E}.Release|Any CPU.Build.0 = Release|Any CPU
		{C24BE151-FC63-4A94-B796-FD222BD8399E}.Release|ARM.ActiveCfg = Release|Any CPU
		{C24BE151-FC63-4A94-B796-FD222BD8399E}.Release|x64.ActiveCfg = Release|Any CPU
		{C24BE151-FC63-4A94-B796-FD222BD8399E}.Release|x86.ActiveCfg = Release|Any CPU
		{C1C417C8-8C37-44DC-89A3-1552CF167F15}.Debug|Any CPU.ActiveCfg = Debug|Any CPU
		{C1C417C8-8C37-44DC-89A3-1552CF167F15}.Debug|Any CPU.Build.0 = Debug|Any CPU
		{C1C417C8-8C37-44DC-89A3-1552CF167F15}.Debug|ARM.ActiveCfg = Debug|Any CPU
		{C1C417C8-8C37-44DC-89A3-1552CF167F15}.Debug|x64.ActiveCfg = Debug|Any CPU
		{C1C417C8-8C37-44DC-89A3-1552CF167F15}.Debug|x86.ActiveCfg = Debug|Any CPU
		{C1C417C8-8C37-44DC-89A3-1552CF167F15}.Release|Any CPU.ActiveCfg = Release|Any CPU
		{C1C417C8-8C37-44DC-89A3-1552CF167F15}.Release|Any CPU.Build.0 = Release|Any CPU
		{C1C417C8-8C37-44DC-89A3-1552CF167F15}.Release|ARM.ActiveCfg = Release|Any CPU
		{C1C417C8-8C37-44DC-89A3-1552CF167F15}.Release|x64.ActiveCfg = Release|Any CPU
		{C1C417C8-8C37-44DC-89A3-1552CF167F15}.Release|x86.ActiveCfg = Release|Any CPU
		{70E8B2C6-F5D5-4018-B9F2-BC1CDAFC7BFD}.Debug|Any CPU.ActiveCfg = Debug|Any CPU
		{70E8B2C6-F5D5-4018-B9F2-BC1CDAFC7BFD}.Debug|Any CPU.Build.0 = Debug|Any CPU
		{70E8B2C6-F5D5-4018-B9F2-BC1CDAFC7BFD}.Debug|ARM.ActiveCfg = Debug|Any CPU
		{70E8B2C6-F5D5-4018-B9F2-BC1CDAFC7BFD}.Debug|x64.ActiveCfg = Debug|Any CPU
		{70E8B2C6-F5D5-4018-B9F2-BC1CDAFC7BFD}.Debug|x86.ActiveCfg = Debug|Any CPU
		{70E8B2C6-F5D5-4018-B9F2-BC1CDAFC7BFD}.Release|Any CPU.ActiveCfg = Release|Any CPU
		{70E8B2C6-F5D5-4018-B9F2-BC1CDAFC7BFD}.Release|Any CPU.Build.0 = Release|Any CPU
		{70E8B2C6-F5D5-4018-B9F2-BC1CDAFC7BFD}.Release|ARM.ActiveCfg = Release|Any CPU
		{70E8B2C6-F5D5-4018-B9F2-BC1CDAFC7BFD}.Release|x64.ActiveCfg = Release|Any CPU
		{70E8B2C6-F5D5-4018-B9F2-BC1CDAFC7BFD}.Release|x86.ActiveCfg = Release|Any CPU
		{396DBC4B-90A2-4DC5-AFF8-9BD9E10386C6}.Debug|Any CPU.ActiveCfg = Debug|Any CPU
		{396DBC4B-90A2-4DC5-AFF8-9BD9E10386C6}.Debug|Any CPU.Build.0 = Debug|Any CPU
		{396DBC4B-90A2-4DC5-AFF8-9BD9E10386C6}.Debug|ARM.ActiveCfg = Debug|Any CPU
		{396DBC4B-90A2-4DC5-AFF8-9BD9E10386C6}.Debug|x64.ActiveCfg = Debug|Any CPU
		{396DBC4B-90A2-4DC5-AFF8-9BD9E10386C6}.Debug|x86.ActiveCfg = Debug|Any CPU
		{396DBC4B-90A2-4DC5-AFF8-9BD9E10386C6}.Release|Any CPU.ActiveCfg = Release|Any CPU
		{396DBC4B-90A2-4DC5-AFF8-9BD9E10386C6}.Release|Any CPU.Build.0 = Release|Any CPU
		{396DBC4B-90A2-4DC5-AFF8-9BD9E10386C6}.Release|ARM.ActiveCfg = Release|Any CPU
		{396DBC4B-90A2-4DC5-AFF8-9BD9E10386C6}.Release|x64.ActiveCfg = Release|Any CPU
		{396DBC4B-90A2-4DC5-AFF8-9BD9E10386C6}.Release|x86.ActiveCfg = Release|Any CPU
		{FB4B7C6D-045E-40BE-9FAA-0015E3F53C37}.Debug|Any CPU.ActiveCfg = Debug|Any CPU
		{FB4B7C6D-045E-40BE-9FAA-0015E3F53C37}.Debug|Any CPU.Build.0 = Debug|Any CPU
		{FB4B7C6D-045E-40BE-9FAA-0015E3F53C37}.Debug|ARM.ActiveCfg = Debug|Any CPU
		{FB4B7C6D-045E-40BE-9FAA-0015E3F53C37}.Debug|x64.ActiveCfg = Debug|Any CPU
		{FB4B7C6D-045E-40BE-9FAA-0015E3F53C37}.Debug|x86.ActiveCfg = Debug|Any CPU
		{FB4B7C6D-045E-40BE-9FAA-0015E3F53C37}.Release|Any CPU.ActiveCfg = Release|Any CPU
		{FB4B7C6D-045E-40BE-9FAA-0015E3F53C37}.Release|Any CPU.Build.0 = Release|Any CPU
		{FB4B7C6D-045E-40BE-9FAA-0015E3F53C37}.Release|ARM.ActiveCfg = Release|Any CPU
		{FB4B7C6D-045E-40BE-9FAA-0015E3F53C37}.Release|x64.ActiveCfg = Release|Any CPU
		{FB4B7C6D-045E-40BE-9FAA-0015E3F53C37}.Release|x86.ActiveCfg = Release|Any CPU
		{B8FFFF2F-353B-4957-962E-97DA68F85CA7}.Debug|Any CPU.ActiveCfg = Debug|Any CPU
		{B8FFFF2F-353B-4957-962E-97DA68F85CA7}.Debug|Any CPU.Build.0 = Debug|Any CPU
		{B8FFFF2F-353B-4957-962E-97DA68F85CA7}.Debug|ARM.ActiveCfg = Debug|Any CPU
		{B8FFFF2F-353B-4957-962E-97DA68F85CA7}.Debug|x64.ActiveCfg = Debug|Any CPU
		{B8FFFF2F-353B-4957-962E-97DA68F85CA7}.Debug|x86.ActiveCfg = Debug|Any CPU
		{B8FFFF2F-353B-4957-962E-97DA68F85CA7}.Release|Any CPU.ActiveCfg = Release|Any CPU
		{B8FFFF2F-353B-4957-962E-97DA68F85CA7}.Release|Any CPU.Build.0 = Release|Any CPU
		{B8FFFF2F-353B-4957-962E-97DA68F85CA7}.Release|ARM.ActiveCfg = Release|Any CPU
		{B8FFFF2F-353B-4957-962E-97DA68F85CA7}.Release|x64.ActiveCfg = Release|Any CPU
		{B8FFFF2F-353B-4957-962E-97DA68F85CA7}.Release|x86.ActiveCfg = Release|Any CPU
	EndGlobalSection
	GlobalSection(SolutionProperties) = preSolution
		HideSolutionNode = FALSE
	EndGlobalSection
EndGlobal
